
Microsoft Visual Studio Solution File, Format Version 10.00
# Visual Studio 2008
Project("{FAE04EC0-301F-11D3-BF4B-00C04F79EFBC}") = "GPS.NET (Desktop Framework 3.5)", "GPS.NET (Desktop Framework 3.5).csproj", "{D4245DD6-79F6-466A-98D3-4AF15D8C39A9}"
EndProject
Project("{FAE04EC0-301F-11D3-BF4B-00C04F79EFBC}") = "GeoFramework (Desktop Framework 3.5)", "..\..\GeoFramework\2.0.0 Open Source\GeoFramework (Desktop Framework 3.5).csproj", "{26E18588-B04D-4987-BF36-8206A7E36FF9}"
EndProject
Project("{2150E333-8FDC-42A3-9474-1A3956D46DE8}") = "Common", "Common", "{E43465AF-F2A0-4A5B-961B-E95190589F65}"
EndProject
Project("{2150E333-8FDC-42A3-9474-1A3956D46DE8}") = "Compact Framework 3.5", "Compact Framework 3.5", "{ECB8F9A0-2CBA-4734-A297-72DAE92F78DC}"
EndProject
Project("{2150E333-8FDC-42A3-9474-1A3956D46DE8}") = "Desktop Framework 3.5", "Desktop Framework 3.5", "{9DF49687-3EF9-4CE6-955C-6BDA5B5D6536}"
EndProject
Project("{2150E333-8FDC-42A3-9474-1A3956D46DE8}") = "Common", "Common", "{FADFDE20-A58A-4C04-A25A-00C819A37654}"
EndProject
Project("{FAE04EC0-301F-11D3-BF4B-00C04F79EFBC}") = "GeoFramework (Compact Framework 3.5)", "..\..\GeoFramework\2.0.0 Open Source\GeoFramework (Compact Framework 3.5).csproj", "{75C52FE9-4E96-4994-A34E-EC9DF0367C43}"
EndProject
Project("{FAE04EC0-301F-11D3-BF4B-00C04F79EFBC}") = "GPS.NET (Compact Framework 3.5)", "GPS.NET (Compact Framework 3.5).csproj", "{B5CAEF84-E71C-4CD1-AF26-6CBFD793FBFD}"
EndProject
Project("{2150E333-8FDC-42A3-9474-1A3956D46DE8}") = "Examples", "Examples", "{A0EE96CF-3553-4ADF-A7F6-71FBA9ECE49C}"
EndProject
Project("{2150E333-8FDC-42A3-9474-1A3956D46DE8}") = "Examples", "Examples", "{7C568874-6A07-4EAC-8F78-0015D1B6EBCB}"
EndProject
Project("{FAE04EC0-301F-11D3-BF4B-00C04F79EFBC}") = "GPS Diagnostics (CSharp)", "Examples\Compact Framework 3.5\C#\GPS Diagnostics CF (CSharp).csproj", "{6B06A12B-D7EA-4C2D-958A-09D3B23A0101}"
EndProject
Project("{F184B08F-C81C-45F6-A57F-5ABD9991F28F}") = "GPS Diagnostics (VB.NET)", "Examples\Compact Framework 3.5\VB.NET\GPS Diagnostics CF (VB.NET).vbproj", "{98CF37D0-C42C-42CE-A7BA-66EE33C9F00B}"
EndProject
Project("{FAE04EC0-301F-11D3-BF4B-00C04F79EFBC}") = "GPS Diagnostics (CSharp)", "Examples\Desktop Framework 3.5\C#\GPS Diagnostics (CSharp).csproj", "{1E591A3F-D723-41DA-BD08-D38C27ABFD6C}"
EndProject
Project("{F184B08F-C81C-45F6-A57F-5ABD9991F28F}") = "GPS Diagnostics (VB.NET)", "Examples\Desktop Framework 3.5\VB.NET\GPS Diagnostics (VB.NET).vbproj", "{452F1CB0-6401-4D64-B2CC-CD53C411D927}"
EndProject
Global
	GlobalSection(SolutionConfigurationPlatforms) = preSolution
		Debug|Any CPU = Debug|Any CPU
		Release|Any CPU = Release|Any CPU
	EndGlobalSection
	GlobalSection(ProjectConfigurationPlatforms) = postSolution
		{D4245DD6-79F6-466A-98D3-4AF15D8C39A9}.Debug|Any CPU.ActiveCfg = Debug|Any CPU
		{D4245DD6-79F6-466A-98D3-4AF15D8C39A9}.Debug|Any CPU.Build.0 = Debug|Any CPU
		{D4245DD6-79F6-466A-98D3-4AF15D8C39A9}.Release|Any CPU.ActiveCfg = Release|Any CPU
		{D4245DD6-79F6-466A-98D3-4AF15D8C39A9}.Release|Any CPU.Build.0 = Release|Any CPU
		{26E18588-B04D-4987-BF36-8206A7E36FF9}.Debug|Any CPU.ActiveCfg = Debug|Any CPU
		{26E18588-B04D-4987-BF36-8206A7E36FF9}.Debug|Any CPU.Build.0 = Debug|Any CPU
		{26E18588-B04D-4987-BF36-8206A7E36FF9}.Release|Any CPU.ActiveCfg = Release|Any CPU
		{26E18588-B04D-4987-BF36-8206A7E36FF9}.Release|Any CPU.Build.0 = Release|Any CPU
		{75C52FE9-4E96-4994-A34E-EC9DF0367C43}.Debug|Any CPU.ActiveCfg = Debug|Any CPU
		{75C52FE9-4E96-4994-A34E-EC9DF0367C43}.Debug|Any CPU.Build.0 = Debug|Any CPU
		{75C52FE9-4E96-4994-A34E-EC9DF0367C43}.Release|Any CPU.ActiveCfg = Release|Any CPU
		{75C52FE9-4E96-4994-A34E-EC9DF0367C43}.Release|Any CPU.Build.0 = Release|Any CPU
		{B5CAEF84-E71C-4CD1-AF26-6CBFD793FBFD}.Debug|Any CPU.ActiveCfg = Debug|Any CPU
		{B5CAEF84-E71C-4CD1-AF26-6CBFD793FBFD}.Debug|Any CPU.Build.0 = Debug|Any CPU
		{B5CAEF84-E71C-4CD1-AF26-6CBFD793FBFD}.Release|Any CPU.ActiveCfg = Release|Any CPU
		{B5CAEF84-E71C-4CD1-AF26-6CBFD793FBFD}.Release|Any CPU.Build.0 = Release|Any CPU
		{6B06A12B-D7EA-4C2D-958A-09D3B23A0101}.Debug|Any CPU.ActiveCfg = Debug|Any CPU
		{6B06A12B-D7EA-4C2D-958A-09D3B23A0101}.Debug|Any CPU.Build.0 = Debug|Any CPU
		{6B06A12B-D7EA-4C2D-958A-09D3B23A0101}.Debug|Any CPU.Deploy.0 = Debug|Any CPU
		{6B06A12B-D7EA-4C2D-958A-09D3B23A0101}.Release|Any CPU.ActiveCfg = Release|Any CPU
		{6B06A12B-D7EA-4C2D-958A-09D3B23A0101}.Release|Any CPU.Build.0 = Release|Any CPU
		{6B06A12B-D7EA-4C2D-958A-09D3B23A0101}.Release|Any CPU.Deploy.0 = Release|Any CPU
		{98CF37D0-C42C-42CE-A7BA-66EE33C9F00B}.Debug|Any CPU.ActiveCfg = Debug|Any CPU
		{98CF37D0-C42C-42CE-A7BA-66EE33C9F00B}.Debug|Any CPU.Build.0 = Debug|Any CPU
		{98CF37D0-C42C-42CE-A7BA-66EE33C9F00B}.Debug|Any CPU.Deploy.0 = Debug|Any CPU
		{98CF37D0-C42C-42CE-A7BA-66EE33C9F00B}.Release|Any CPU.ActiveCfg = Release|Any CPU
		{98CF37D0-C42C-42CE-A7BA-66EE33C9F00B}.Release|Any CPU.Build.0 = Release|Any CPU
		{98CF37D0-C42C-42CE-A7BA-66EE33C9F00B}.Release|Any CPU.Deploy.0 = Release|Any CPU
		{1E591A3F-D723-41DA-BD08-D38C27ABFD6C}.Debug|Any CPU.ActiveCfg = Debug|Any CPU
		{1E591A3F-D723-41DA-BD08-D38C27ABFD6C}.Debug|Any CPU.Build.0 = Debug|Any CPU
		{1E591A3F-D723-41DA-BD08-D38C27ABFD6C}.Release|Any CPU.ActiveCfg = Release|Any CPU
		{1E591A3F-D723-41DA-BD08-D38C27ABFD6C}.Release|Any CPU.Build.0 = Release|Any CPU
		{452F1CB0-6401-4D64-B2CC-CD53C411D927}.Debug|Any CPU.ActiveCfg = Debug|Any CPU
		{452F1CB0-6401-4D64-B2CC-CD53C411D927}.Debug|Any CPU.Build.0 = Debug|Any CPU
		{452F1CB0-6401-4D64-B2CC-CD53C411D927}.Release|Any CPU.ActiveCfg = Release|Any CPU
		{452F1CB0-6401-4D64-B2CC-CD53C411D927}.Release|Any CPU.Build.0 = Release|Any CPU
	EndGlobalSection
	GlobalSection(SolutionProperties) = preSolution
		HideSolutionNode = FALSE
	EndGlobalSection
	GlobalSection(NestedProjects) = preSolution
		{75C52FE9-4E96-4994-A34E-EC9DF0367C43} = {E43465AF-F2A0-4A5B-961B-E95190589F65}
		{E43465AF-F2A0-4A5B-961B-E95190589F65} = {ECB8F9A0-2CBA-4734-A297-72DAE92F78DC}
		{B5CAEF84-E71C-4CD1-AF26-6CBFD793FBFD} = {ECB8F9A0-2CBA-4734-A297-72DAE92F78DC}
		{A0EE96CF-3553-4ADF-A7F6-71FBA9ECE49C} = {ECB8F9A0-2CBA-4734-A297-72DAE92F78DC}
		{FADFDE20-A58A-4C04-A25A-00C819A37654} = {9DF49687-3EF9-4CE6-955C-6BDA5B5D6536}
		{D4245DD6-79F6-466A-98D3-4AF15D8C39A9} = {9DF49687-3EF9-4CE6-955C-6BDA5B5D6536}
		{7C568874-6A07-4EAC-8F78-0015D1B6EBCB} = {9DF49687-3EF9-4CE6-955C-6BDA5B5D6536}
		{26E18588-B04D-4987-BF36-8206A7E36FF9} = {FADFDE20-A58A-4C04-A25A-00C819A37654}
		{6B06A12B-D7EA-4C2D-958A-09D3B23A0101} = {A0EE96CF-3553-4ADF-A7F6-71FBA9ECE49C}
		{98CF37D0-C42C-42CE-A7BA-66EE33C9F00B} = {A0EE96CF-3553-4ADF-A7F6-71FBA9ECE49C}
		{1E591A3F-D723-41DA-BD08-D38C27ABFD6C} = {7C568874-6A07-4EAC-8F78-0015D1B6EBCB}
		{452F1CB0-6401-4D64-B2CC-CD53C411D927} = {7C568874-6A07-4EAC-8F78-0015D1B6EBCB}
	EndGlobalSection
EndGlobal
